
Microsoft Visual Studio Solution File, Format Version 12.00
Project("{FAE04EC0-301F-11D3-BF4B-00C04F79EFBC}") = "LanguageFeatures", "LanguageFeatures\LanguageFeatures.csproj", "{AF3DF4B8-87B7-4572-A097-1E8A13886680}"
EndProject
Project("{FAE04EC0-301F-11D3-BF4B-00C04F79EFBC}") = "Executor", "Executor\Executor.csproj", "{1D6B69D4-F81D-4CB0-A0C7-F69AF69D515C}"
EndProject
Global
	GlobalSection(SolutionConfigurationPlatforms) = preSolution
		Debug|Any CPU = Debug|Any CPU
		Release|Any CPU = Release|Any CPU
	EndGlobalSection
	GlobalSection(ProjectConfigurationPlatforms) = postSolution
		{AF3DF4B8-87B7-4572-A097-1E8A13886680}.Debug|Any CPU.ActiveCfg = Debug|Any CPU
		{AF3DF4B8-87B7-4572-A097-1E8A13886680}.Debug|Any CPU.Build.0 = Debug|Any CPU
		{AF3DF4B8-87B7-4572-A097-1E8A13886680}.Release|Any CPU.ActiveCfg = Release|Any CPU
		{AF3DF4B8-87B7-4572-A097-1E8A13886680}.Release|Any CPU.Build.0 = Release|Any CPU
		{1D6B69D4-F81D-4CB0-A0C7-F69AF69D515C}.Debug|Any CPU.ActiveCfg = Debug|Any CPU
		{1D6B69D4-F81D-4CB0-A0C7-F69AF69D515C}.Debug|Any CPU.Build.0 = Debug|Any CPU
		{1D6B69D4-F81D-4CB0-A0C7-F69AF69D515C}.Release|Any CPU.ActiveCfg = Release|Any CPU
		{1D6B69D4-F81D-4CB0-A0C7-F69AF69D515C}.Release|Any CPU.Build.0 = Release|Any CPU
	EndGlobalSection
EndGlobal
